
Microsoft Visual Studio Solution File, Format Version 12.00
# Visual Studio Version 17
VisualStudioVersion = 17.10.34928.147
MinimumVisualStudioVersion = 10.0.40219.1
Project("{FAE04EC0-301F-11D3-BF4B-00C04F79EFBC}") = "BETest", "BETest.csproj", "{D0383BFF-5321-4FFF-8826-7E5F636D07DC}"
EndProject
Global
	GlobalSection(SolutionConfigurationPlatforms) = preSolution
		Debug|Any CPU = Debug|Any CPU
		Release|Any CPU = Release|Any CPU
	EndGlobalSection
	GlobalSection(ProjectConfigurationPlatforms) = postSolution
		{D0383BFF-5321-4FFF-8826-7E5F636D07DC}.Debug|Any CPU.ActiveCfg = Debug|Any CPU
		{D0383BFF-5321-4FFF-8826-7E5F636D07DC}.Debug|Any CPU.Build.0 = Debug|Any CPU
		{D0383BFF-5321-4FFF-8826-7E5F636D07DC}.Release|Any CPU.ActiveCfg = Release|Any CPU
		{D0383BFF-5321-4FFF-8826-7E5F636D07DC}.Release|Any CPU.Build.0 = Release|Any CPU
	EndGlobalSection
	GlobalSection(SolutionProperties) = preSolution
		HideSolutionNode = FALSE
	EndGlobalSection
	GlobalSection(ExtensibilityGlobals) = postSolution
		SolutionGuid = {CB462488-67F6-4A16-855C-F01850405A3E}
	EndGlobalSection
EndGlobal
